// !$*UTF8*$!
{
	archiveVersion = 1;
	classes = {
	};
	objectVersion = 46;
	objects = {

/* Begin PBXBuildFile section */
		261575989628A58ACE0B86EC /* Pods_Basket.framework in Frameworks */ = {isa = PBXBuildFile; fileRef = A9EB51C8EE6D5792C6E0AEA8 /* Pods_Basket.framework */; };
		9B0CF9FF1E31CC2400083C8E /* AppDelegate.swift in Sources */ = {isa = PBXBuildFile; fileRef = 9B0CF9FE1E31CC2400083C8E /* AppDelegate.swift */; };
		9B0CFA011E31CC2400083C8E /* CartViewController.swift in Sources */ = {isa = PBXBuildFile; fileRef = 9B0CFA001E31CC2400083C8E /* CartViewController.swift */; };
		9B0CFA061E31CC2400083C8E /* Assets.xcassets in Resources */ = {isa = PBXBuildFile; fileRef = 9B0CFA051E31CC2400083C8E /* Assets.xcassets */; };
		9B0CFA091E31CC2400083C8E /* LaunchScreen.storyboard in Resources */ = {isa = PBXBuildFile; fileRef = 9B0CFA071E31CC2400083C8E /* LaunchScreen.storyboard */; };
		9B0CFA111E31CD2300083C8E /* GoogleService-Info.plist in Resources */ = {isa = PBXBuildFile; fileRef = 9B0CFA101E31CD2300083C8E /* GoogleService-Info.plist */; };
		9B0CFA131E31DC4600083C8E /* GroupOrderViewController.swift in Sources */ = {isa = PBXBuildFile; fileRef = 9B0CFA121E31DC4600083C8E /* GroupOrderViewController.swift */; };
		9B0CFA171E32748E00083C8E /* interestsViewController.swift in Sources */ = {isa = PBXBuildFile; fileRef = 9B0CFA161E32748E00083C8E /* interestsViewController.swift */; };
/* End PBXBuildFile section */

/* Begin PBXFileReference section */
		288CE784F3F614CC176D63CC /* Pods-Basket.debug.xcconfig */ = {isa = PBXFileReference; includeInIndex = 1; lastKnownFileType = text.xcconfig; name = "Pods-Basket.debug.xcconfig"; path = "Pods/Target Support Files/Pods-Basket/Pods-Basket.debug.xcconfig"; sourceTree = "<group>"; };
		9B0CF9FB1E31CC2400083C8E /* Basket.app */ = {isa = PBXFileReference; explicitFileType = wrapper.application; includeInIndex = 0; path = Basket.app; sourceTree = BUILT_PRODUCTS_DIR; };
		9B0CF9FE1E31CC2400083C8E /* AppDelegate.swift */ = {isa = PBXFileReference; lastKnownFileType = sourcecode.swift; path = AppDelegate.swift; sourceTree = "<group>"; };
		9B0CFA001E31CC2400083C8E /* CartViewController.swift */ = {isa = PBXFileReference; lastKnownFileType = sourcecode.swift; path = CartViewController.swift; sourceTree = "<group>"; };
		9B0CFA051E31CC2400083C8E /* Assets.xcassets */ = {isa = PBXFileReference; lastKnownFileType = folder.assetcatalog; path = Assets.xcassets; sourceTree = "<group>"; };
		9B0CFA081E31CC2400083C8E /* Base */ = {isa = PBXFileReference; lastKnownFileType = file.storyboard; name = Base; path = Base.lproj/LaunchScreen.storyboard; sourceTree = "<group>"; };
		9B0CFA0A1E31CC2400083C8E /* Info.plist */ = {isa = PBXFileReference; lastKnownFileType = text.plist.xml; path = Info.plist; sourceTree = "<group>"; };
		9B0CFA101E31CD2300083C8E /* GoogleService-Info.plist */ = {isa = PBXFileReference; fileEncoding = 4; lastKnownFileType = text.plist.xml; path = "GoogleService-Info.plist"; sourceTree = "<group>"; };
		9B0CFA121E31DC4600083C8E /* GroupOrderViewController.swift */ = {isa = PBXFileReference; fileEncoding = 4; lastKnownFileType = sourcecode.swift; path = GroupOrderViewController.swift; sourceTree = "<group>"; };
		9B0CFA161E32748E00083C8E /* interestsViewController.swift */ = {isa = PBXFileReference; fileEncoding = 4; lastKnownFileType = sourcecode.swift; path = interestsViewController.swift; sourceTree = "<group>"; };
		A9EB51C8EE6D5792C6E0AEA8 /* Pods_Basket.framework */ = {isa = PBXFileReference; explicitFileType = wrapper.framework; includeInIndex = 0; path = Pods_Basket.framework; sourceTree = BUILT_PRODUCTS_DIR; };
		EF6D35D05D04F14681EC7B1A /* Pods-Basket.release.xcconfig */ = {isa = PBXFileReference; includeInIndex = 1; lastKnownFileType = text.xcconfig; name = "Pods-Basket.release.xcconfig"; path = "Pods/Target Support Files/Pods-Basket/Pods-Basket.release.xcconfig"; sourceTree = "<group>"; };
/* End PBXFileReference section */

/* Begin PBXFrameworksBuildPhase section */
		9B0CF9F81E31CC2400083C8E /* Frameworks */ = {
			isa = PBXFrameworksBuildPhase;
			buildActionMask = 2147483647;
			files = (
				261575989628A58ACE0B86EC /* Pods_Basket.framework in Frameworks */,
			);
			runOnlyForDeploymentPostprocessing = 0;
		};
/* End PBXFrameworksBuildPhase section */

/* Begin PBXGroup section */
		2E25475E38590F5A27EC5C8A /* Frameworks */ = {
			isa = PBXGroup;
			children = (
				A9EB51C8EE6D5792C6E0AEA8 /* Pods_Basket.framework */,
			);
			name = Frameworks;
			sourceTree = "<group>";
		};
		46CC2EA66AEC67102A21092A /* Pods */ = {
			isa = PBXGroup;
			children = (
				288CE784F3F614CC176D63CC /* Pods-Basket.debug.xcconfig */,
				EF6D35D05D04F14681EC7B1A /* Pods-Basket.release.xcconfig */,
			);
			name = Pods;
			sourceTree = "<group>";
		};
		9B0CF9F21E31CC2400083C8E = {
			isa = PBXGroup;
			children = (
				9B0CF9FD1E31CC2400083C8E /* Basket */,
				9B0CF9FC1E31CC2400083C8E /* Products */,
				46CC2EA66AEC67102A21092A /* Pods */,
				2E25475E38590F5A27EC5C8A /* Frameworks */,
			);
			sourceTree = "<group>";
		};
		9B0CF9FC1E31CC2400083C8E /* Products */ = {
			isa = PBXGroup;
			children = (
				9B0CF9FB1E31CC2400083C8E /* Basket.app */,
			);
			name = Products;
			sourceTree = "<group>";
		};
		9B0CF9FD1E31CC2400083C8E /* Basket */ = {
			isa = PBXGroup;
			children = (
				9B0CF9FE1E31CC2400083C8E /* AppDelegate.swift */,
				9B0CFA001E31CC2400083C8E /* CartViewController.swift */,
				9B0CFA121E31DC4600083C8E /* GroupOrderViewController.swift */,
				9B0CFA161E32748E00083C8E /* interestsViewController.swift */,
				9B0CFA051E31CC2400083C8E /* Assets.xcassets */,
				9B0CFA071E31CC2400083C8E /* LaunchScreen.storyboard */,
				9B0CFA0A1E31CC2400083C8E /* Info.plist */,
				9B0CFA101E31CD2300083C8E /* GoogleService-Info.plist */,
			);
			path = Basket;
			sourceTree = "<group>";
		};
/* End PBXGroup section */

/* Begin PBXNativeTarget section */
		9B0CF9FA1E31CC2400083C8E /* Basket */ = {
			isa = PBXNativeTarget;
			buildConfigurationList = 9B0CFA0D1E31CC2400083C8E /* Build configuration list for PBXNativeTarget "Basket" */;
			buildPhases = (
				BE3D1D3EF6B4F59D76263BBE /* [CP] Check Pods Manifest.lock */,
				9B0CF9F71E31CC2400083C8E /* Sources */,
				9B0CF9F81E31CC2400083C8E /* Frameworks */,
				9B0CF9F91E31CC2400083C8E /* Resources */,
				E1A77DBA6100E7C572D7219A /* [CP] Embed Pods Frameworks */,
				BEE4BD0FF1B9CD93E522FA88 /* [CP] Copy Pods Resources */,
			);
			buildRules = (
			);
			dependencies = (
			);
			name = Basket;
			productName = Basket;
			productReference = 9B0CF9FB1E31CC2400083C8E /* Basket.app */;
			productType = "com.apple.product-type.application";
		};
/* End PBXNativeTarget section */

/* Begin PBXProject section */
		9B0CF9F31E31CC2400083C8E /* Project object */ = {
			isa = PBXProject;
			attributes = {
				LastSwiftUpdateCheck = 0820;
				LastUpgradeCheck = 0820;
				ORGANIZATIONNAME = "Johanna Smith-Palliser";
				TargetAttributes = {
					9B0CF9FA1E31CC2400083C8E = {
						CreatedOnToolsVersion = 8.2.1;
						DevelopmentTeam = Y68792985D;
						ProvisioningStyle = Automatic;
					};
				};
			};
			buildConfigurationList = 9B0CF9F61E31CC2400083C8E /* Build configuration list for PBXProject "Basket" */;
			compatibilityVersion = "Xcode 3.2";
			developmentRegion = English;
			hasScannedForEncodings = 0;
			knownRegions = (
				en,
				Base,
			);
			mainGroup = 9B0CF9F21E31CC2400083C8E;
			productRefGroup = 9B0CF9FC1E31CC2400083C8E /* Products */;
			projectDirPath = "";
			projectRoot = "";
			targets = (
				9B0CF9FA1E31CC2400083C8E /* Basket */,
			);
		};
/* End PBXProject section */

/* Begin PBXResourcesBuildPhase section */
		9B0CF9F91E31CC2400083C8E /* Resources */ = {
			isa = PBXResourcesBuildPhase;
			buildActionMask = 2147483647;
			files = (
				9B0CFA091E31CC2400083C8E /* LaunchScreen.storyboard in Resources */,
				9B0CFA111E31CD2300083C8E /* GoogleService-Info.plist in Resources */,
				9B0CFA061E31CC2400083C8E /* Assets.xcassets in Resources */,
			);
			runOnlyForDeploymentPostprocessing = 0;
		};
/* End PBXResourcesBuildPhase section */

/* Begin PBXShellScriptBuildPhase section */
		BE3D1D3EF6B4F59D76263BBE /* [CP] Check Pods Manifest.lock */ = {
			isa = PBXShellScriptBuildPhase;
			buildActionMask = 2147483647;
			files = (
			);
			inputPaths = (
			);
			name = "[CP] Check Pods Manifest.lock";
			outputPaths = (
			);
			runOnlyForDeploymentPostprocessing = 0;
			shellPath = /bin/sh;
			shellScript = "diff \"${PODS_ROOT}/../Podfile.lock\" \"${PODS_ROOT}/Manifest.lock\" > /dev/null\nif [ $? != 0 ] ; then\n    # print error to STDERR\n    echo \"error: The sandbox is not in sync with the Podfile.lock. Run 'pod install' or update your CocoaPods installation.\" >&2\n    exit 1\nfi\n";
			showEnvVarsInLog = 0;
		};
		BEE4BD0FF1B9CD93E522FA88 /* [CP] Copy Pods Resources */ = {
			isa = PBXShellScriptBuildPhase;
			buildActionMask = 2147483647;
			files = (
			);
			inputPaths = (
			);
			name = "[CP] Copy Pods Resources";
			outputPaths = (
			);
			runOnlyForDeploymentPostprocessing = 0;
			shellPath = /bin/sh;
			shellScript = "\"${SRCROOT}/Pods/Target Support Files/Pods-Basket/Pods-Basket-resources.sh\"\n";
			showEnvVarsInLog = 0;
		};
		E1A77DBA6100E7C572D7219A /* [CP] Embed Pods Frameworks */ = {
			isa = PBXShellScriptBuildPhase;
			buildActionMask = 2147483647;
			files = (
			);
			inputPaths = (
			);
			name = "[CP] Embed Pods Frameworks";
			outputPaths = (
			);
			runOnlyForDeploymentPostprocessing = 0;
			shellPath = /bin/sh;
			shellScript = "\"${SRCROOT}/Pods/Target Support Files/Pods-Basket/Pods-Basket-frameworks.sh\"\n";
			showEnvVarsInLog = 0;
		};
/* End PBXShellScriptBuildPhase section */

/* Begin PBXSourcesBuildPhase section */
		9B0CF9F71E31CC2400083C8E /* Sources */ = {
			isa = PBXSourcesBuildPhase;
			buildActionMask = 2147483647;
			files = (
				9B0CFA011E31CC2400083C8E /* CartViewController.swift in Sources */,
				9B0CF9FF1E31CC2400083C8E /* AppDelegate.swift in Sources */,
				9B0CFA131E31DC4600083C8E /* GroupOrderViewController.swift in Sources */,
				9B0CFA171E32748E00083C8E /* interestsViewController.swift in Sources */,
			);
			runOnlyForDeploymentPostprocessing = 0;
		};
/* End PBXSourcesBuildPhase section */

/* Begin PBXVariantGroup section */
		9B0CFA071E31CC2400083C8E /* LaunchScreen.storyboard */ = {
			isa = PBXVariantGroup;
			children = (
				9B0CFA081E31CC2400083C8E /* Base */,
			);
			name = LaunchScreen.storyboard;
			sourceTree = "<group>";
		};
/* End PBXVariantGroup section */

/* Begin XCBuildConfiguration section */
		9B0CFA0B1E31CC2400083C8E /* Debug */ = {
			isa = XCBuildConfiguration;
			buildSettings = {
				ALWAYS_SEARCH_USER_PATHS = NO;
				CLANG_ANALYZER_NONNULL = YES;
				CLANG_CXX_LANGUAGE_STANDARD = "gnu++0x";
				CLANG_CXX_LIBRARY = "libc++";
				CLANG_ENABLE_MODULES = YES;
				CLANG_ENABLE_OBJC_ARC = YES;
				CLANG_WARN_BOOL_CONVERSION = YES;
				CLANG_WARN_CONSTANT_CONVERSION = YES;
				CLANG_WARN_DIRECT_OBJC_ISA_USAGE = YES_ERROR;
				CLANG_WARN_DOCUMENTATION_COMMENTS = YES;
				CLANG_WARN_EMPTY_BODY = YES;
				CLANG_WARN_ENUM_CONVERSION = YES;
				CLANG_WARN_INFINITE_RECURSION = YES;
				CLANG_WARN_INT_CONVERSION = YES;
				CLANG_WARN_OBJC_ROOT_CLASS = YES_ERROR;
				CLANG_WARN_SUSPICIOUS_MOVE = YES;
				CLANG_WARN_UNREACHABLE_CODE = YES;
				CLANG_WARN__DUPLICATE_METHOD_MATCH = YES;
				"CODE_SIGN_IDENTITY[sdk=iphoneos*]" = "iPhone Developer";
				COPY_PHASE_STRIP = NO;
				DEBUG_INFORMATION_FORMAT = dwarf;
				ENABLE_STRICT_OBJC_MSGSEND = YES;
				ENABLE_TESTABILITY = YES;
				GCC_C_LANGUAGE_STANDARD = gnu99;
				GCC_DYNAMIC_NO_PIC = NO;
				GCC_NO_COMMON_BLOCKS = YES;
				GCC_OPTIMIZATION_LEVEL = 0;
				GCC_PREPROCESSOR_DEFINITIONS = (
					"DEBUG=1",
					"$(inherited)",
				);
				GCC_WARN_64_TO_32_BIT_CONVERSION = YES;
				GCC_WARN_ABOUT_RETURN_TYPE = YES_ERROR;
				GCC_WARN_UNDECLARED_SELECTOR = YES;
				GCC_WARN_UNINITIALIZED_AUTOS = YES_AGGRESSIVE;
				GCC_WARN_UNUSED_FUNCTION = YES;
				GCC_WARN_UNUSED_VARIABLE = YES;
				IPHONEOS_DEPLOYMENT_TARGET = 10.2;
				MTL_ENABLE_DEBUG_INFO = YES;
				ONLY_ACTIVE_ARCH = YES;
				SDKROOT = iphoneos;
				SWIFT_ACTIVE_COMPILATION_CONDITIONS = DEBUG;
				SWIFT_OPTIMIZATION_LEVEL = "-Onone";
			};
			name = Debug;
		};
		9B0CFA0C1E31CC2400083C8E /* Release */ = {
			isa = XCBuildConfiguration;
			buildSettings = {
				ALWAYS_SEARCH_USER_PATHS = NO;
				CLANG_ANALYZER_NONNULL = YES;
				CLANG_CXX_LANGUAGE_STANDARD = "gnu++0x";
				CLANG_CXX_LIBRARY = "libc++";
				CLANG_ENABLE_MODULES = YES;
				CLANG_ENABLE_OBJC_ARC = YES;
				CLANG_WARN_BOOL_CONVERSION = YES;
				CLANG_WARN_CONSTANT_CONVERSION = YES;
				CLANG_WARN_DIRECT_OBJC_ISA_USAGE = YES_ERROR;
				CLANG_WARN_DOCUMENTATION_COMMENTS = YES;
				CLANG_WARN_EMPTY_BODY = YES;
				CLANG_WARN_ENUM_CONVERSION = YES;
				CLANG_WARN_INFINITE_RECURSION = YES;
				CLANG_WARN_INT_CONVERSION = YES;
				CLANG_WARN_OBJC_ROOT_CLASS = YES_ERROR;
				CLANG_WARN_SUSPICIOUS_MOVE = YES;
				CLANG_WARN_UNREACHABLE_CODE = YES;
				CLANG_WARN__DUPLICATE_METHOD_MATCH = YES;
				"CODE_SIGN_IDENTITY[sdk=iphoneos*]" = "iPhone Developer";
				COPY_PHASE_STRIP = NO;
				DEBUG_INFORMATION_FORMAT = "dwarf-with-dsym";
				ENABLE_NS_ASSERTIONS = NO;
				ENABLE_STRICT_OBJC_MSGSEND = YES;
				GCC_C_LANGUAGE_STANDARD = gnu99;
				GCC_NO_COMMON_BLOCKS = YES;
				GCC_WARN_64_TO_32_BIT_CONVERSION = YES;
				GCC_WARN_ABOUT_RETURN_TYPE = YES_ERROR;
				GCC_WARN_UNDECLARED_SELECTOR = YES;
				GCC_WARN_UNINITIALIZED_AUTOS = YES_AGGRESSIVE;
				GCC_WARN_UNUSED_FUNCTION = YES;
				GCC_WARN_UNUSED_VARIABLE = YES;
				IPHONEOS_DEPLOYMENT_TARGET = 10.2;
				MTL_ENABLE_DEBUG_INFO = NO;
				SDKROOT = iphoneos;
				SWIFT_OPTIMIZATION_LEVEL = "-Owholemodule";
				VALIDATE_PRODUCT = YES;
			};
			name = Release;
		};
		9B0CFA0E1E31CC2400083C8E /* Debug */ = {
			isa = XCBuildConfiguration;
			baseConfigurationReference = 288CE784F3F614CC176D63CC /* Pods-Basket.debug.xcconfig */;
			buildSettings = {
				ASSETCATALOG_COMPILER_APPICON_NAME = AppIcon;
				DEVELOPMENT_TEAM = Y68792985D;
				INFOPLIST_FILE = Basket/Info.plist;
				LD_RUNPATH_SEARCH_PATHS = "$(inherited) @executable_path/Frameworks";
				PRODUCT_BUNDLE_IDENTIFIER = com.johannasp.Basket;
				PRODUCT_NAME = "$(TARGET_NAME)";
				SWIFT_VERSION = 3.0;
			};
			name = Debug;
		};
		9B0CFA0F1E31CC2400083C8E /* Release */ = {
			isa = XCBuildConfiguration;
			baseConfigurationReference = EF6D35D05D04F14681EC7B1A /* Pods-Basket.release.xcconfig */;
			buildSettings = {
				ASSETCATALOG_COMPILER_APPICON_NAME = AppIcon;
				DEVELOPMENT_TEAM = Y68792985D;
				INFOPLIST_FILE = Basket/Info.plist;
				LD_RUNPATH_SEARCH_PATHS = "$(inherited) @executable_path/Frameworks";
				PRODUCT_BUNDLE_IDENTIFIER = com.johannasp.Basket;
				PRODUCT_NAME = "$(TARGET_NAME)";
				SWIFT_VERSION = 3.0;
			};
			name = Release;
		};
/* End XCBuildConfiguration section */

/* Begin XCConfigurationList section */
		9B0CF9F61E31CC2400083C8E /* Build configuration list for PBXProject "Basket" */ = {
			isa = XCConfigurationList;
			buildConfigurations = (
				9B0CFA0B1E31CC2400083C8E /* Debug */,
				9B0CFA0C1E31CC2400083C8E /* Release */,
			);
			defaultConfigurationIsVisible = 0;
			defaultConfigurationName = Release;
		};
		9B0CFA0D1E31CC2400083C8E /* Build configuration list for PBXNativeTarget "Basket" */ = {
			isa = XCConfigurationList;
			buildConfigurations = (
				9B0CFA0E1E31CC2400083C8E /* Debug */,
				9B0CFA0F1E31CC2400083C8E /* Release */,
			);
			defaultConfigurationIsVisible = 0;
			defaultConfigurationName = Release;
		};
/* End XCConfigurationList section */
	};
	rootObject = 9B0CF9F31E31CC2400083C8E /* Project object */;
}
